
Microsoft Visual Studio Solution File, Format Version 12.00
# Visual Studio 15
VisualStudioVersion = 15.0.27004.2010
MinimumVisualStudioVersion = 10.0.40219.1
Project("{FAE04EC0-301F-11D3-BF4B-00C04F79EFBC}") = "ConsoleApp11", "ConsoleApp11\ConsoleApp11.csproj", "{7FB8FAAC-7FC0-4560-A138-344AF1560F03}"
EndProject
Global
	GlobalSection(SolutionConfigurationPlatforms) = preSolution
		Debug|Any CPU = Debug|Any CPU
		Release|Any CPU = Release|Any CPU
	EndGlobalSection
	GlobalSection(ProjectConfigurationPlatforms) = postSolution
		{7FB8FAAC-7FC0-4560-A138-344AF1560F03}.Debug|Any CPU.ActiveCfg = Debug|Any CPU
		{7FB8FAAC-7FC0-4560-A138-344AF1560F03}.Debug|Any CPU.Build.0 = Debug|Any CPU
		{7FB8FAAC-7FC0-4560-A138-344AF1560F03}.Release|Any CPU.ActiveCfg = Release|Any CPU
		{7FB8FAAC-7FC0-4560-A138-344AF1560F03}.Release|Any CPU.Build.0 = Release|Any CPU
	EndGlobalSection
	GlobalSection(SolutionProperties) = preSolution
		HideSolutionNode = FALSE
	EndGlobalSection
	GlobalSection(ExtensibilityGlobals) = postSolution
		SolutionGuid = {7F85F292-6AA4-408C-998C-91CFD9FB2C2E}
	EndGlobalSection
EndGlobal
