
Microsoft Visual Studio Solution File, Format Version 12.00
# Visual Studio 15
VisualStudioVersion = 15.0.27004.2010
MinimumVisualStudioVersion = 10.0.40219.1
Project("{FAE04EC0-301F-11D3-BF4B-00C04F79EFBC}") = "ConsoleApp13", "ConsoleApp13\ConsoleApp13.csproj", "{5D54FA9A-B164-4D91-80B1-27DFD3751FAC}"
EndProject
Global
	GlobalSection(SolutionConfigurationPlatforms) = preSolution
		Debug|Any CPU = Debug|Any CPU
		Release|Any CPU = Release|Any CPU
	EndGlobalSection
	GlobalSection(ProjectConfigurationPlatforms) = postSolution
		{5D54FA9A-B164-4D91-80B1-27DFD3751FAC}.Debug|Any CPU.ActiveCfg = Debug|Any CPU
		{5D54FA9A-B164-4D91-80B1-27DFD3751FAC}.Debug|Any CPU.Build.0 = Debug|Any CPU
		{5D54FA9A-B164-4D91-80B1-27DFD3751FAC}.Release|Any CPU.ActiveCfg = Release|Any CPU
		{5D54FA9A-B164-4D91-80B1-27DFD3751FAC}.Release|Any CPU.Build.0 = Release|Any CPU
	EndGlobalSection
	GlobalSection(SolutionProperties) = preSolution
		HideSolutionNode = FALSE
	EndGlobalSection
	GlobalSection(ExtensibilityGlobals) = postSolution
		SolutionGuid = {E102DDC8-B292-4B99-960D-7B2AFBC155E2}
	EndGlobalSection
EndGlobal
