
Microsoft Visual Studio Solution File, Format Version 12.00
# Visual Studio 15
VisualStudioVersion = 15.0.27130.2010
MinimumVisualStudioVersion = 10.0.40219.1
Project("{FAE04EC0-301F-11D3-BF4B-00C04F79EFBC}") = "ConsoleApp20", "ConsoleApp20\ConsoleApp20.csproj", "{60D94BBD-F10D-4742-A4C6-E440A70611FB}"
EndProject
Global
	GlobalSection(SolutionConfigurationPlatforms) = preSolution
		Debug|Any CPU = Debug|Any CPU
		Release|Any CPU = Release|Any CPU
	EndGlobalSection
	GlobalSection(ProjectConfigurationPlatforms) = postSolution
		{60D94BBD-F10D-4742-A4C6-E440A70611FB}.Debug|Any CPU.ActiveCfg = Debug|Any CPU
		{60D94BBD-F10D-4742-A4C6-E440A70611FB}.Debug|Any CPU.Build.0 = Debug|Any CPU
		{60D94BBD-F10D-4742-A4C6-E440A70611FB}.Release|Any CPU.ActiveCfg = Release|Any CPU
		{60D94BBD-F10D-4742-A4C6-E440A70611FB}.Release|Any CPU.Build.0 = Release|Any CPU
	EndGlobalSection
	GlobalSection(SolutionProperties) = preSolution
		HideSolutionNode = FALSE
	EndGlobalSection
	GlobalSection(ExtensibilityGlobals) = postSolution
		SolutionGuid = {0BB2BCD2-6298-483D-80CC-69A0ED0F18AE}
	EndGlobalSection
EndGlobal
