
Microsoft Visual Studio Solution File, Format Version 12.00
# Visual Studio 15
VisualStudioVersion = 15.0.27004.2010
MinimumVisualStudioVersion = 10.0.40219.1
Project("{FAE04EC0-301F-11D3-BF4B-00C04F79EFBC}") = "WorkflowService1", "WorkflowService1\WorkflowService1.csproj", "{4BD27767-A212-4ED0-85B7-734713F23C23}"
EndProject
Global
	GlobalSection(SolutionConfigurationPlatforms) = preSolution
		Debug|Any CPU = Debug|Any CPU
		Release|Any CPU = Release|Any CPU
	EndGlobalSection
	GlobalSection(ProjectConfigurationPlatforms) = postSolution
		{4BD27767-A212-4ED0-85B7-734713F23C23}.Debug|Any CPU.ActiveCfg = Debug|Any CPU
		{4BD27767-A212-4ED0-85B7-734713F23C23}.Debug|Any CPU.Build.0 = Debug|Any CPU
		{4BD27767-A212-4ED0-85B7-734713F23C23}.Release|Any CPU.ActiveCfg = Release|Any CPU
		{4BD27767-A212-4ED0-85B7-734713F23C23}.Release|Any CPU.Build.0 = Release|Any CPU
	EndGlobalSection
	GlobalSection(SolutionProperties) = preSolution
		HideSolutionNode = FALSE
	EndGlobalSection
	GlobalSection(ExtensibilityGlobals) = postSolution
		SolutionGuid = {C817DD13-0144-41D5-8887-B741C2369B9C}
	EndGlobalSection
EndGlobal
